
Microsoft Visual Studio Solution File, Format Version 12.00
# Visual Studio 15
VisualStudioVersion = 15.0.27130.2010
MinimumVisualStudioVersion = 10.0.40219.1
Project("{FAE04EC0-301F-11D3-BF4B-00C04F79EFBC}") = "OpenCoverTest.Tests", "OpenCoverTest.Tests\OpenCoverTest.Tests.csproj", "{3C3D0A7A-EB69-4602-A1A9-44BA7EA13123}"
EndProject
Project("{FAE04EC0-301F-11D3-BF4B-00C04F79EFBC}") = "OpenCoverTest.Library", "OpenCoverTest.Library\OpenCoverTest.Library.csproj", "{B39C40AE-99EA-48CE-9205-13C5E1C522D5}"
EndProject
Project("{FAE04EC0-301F-11D3-BF4B-00C04F79EFBC}") = "OpenCoverTest.Tests2", "OpenCoverTest.Tests2\OpenCoverTest.Tests2.csproj", "{AF532FC3-9C75-46E7-89E0-B9009AF4BC8F}"
EndProject
Global
	GlobalSection(SolutionConfigurationPlatforms) = preSolution
		Debug|Any CPU = Debug|Any CPU
		Release|Any CPU = Release|Any CPU
	EndGlobalSection
	GlobalSection(ProjectConfigurationPlatforms) = postSolution
		{3C3D0A7A-EB69-4602-A1A9-44BA7EA13123}.Debug|Any CPU.ActiveCfg = Debug|Any CPU
		{3C3D0A7A-EB69-4602-A1A9-44BA7EA13123}.Debug|Any CPU.Build.0 = Debug|Any CPU
		{3C3D0A7A-EB69-4602-A1A9-44BA7EA13123}.Release|Any CPU.ActiveCfg = Release|Any CPU
		{3C3D0A7A-EB69-4602-A1A9-44BA7EA13123}.Release|Any CPU.Build.0 = Release|Any CPU
		{B39C40AE-99EA-48CE-9205-13C5E1C522D5}.Debug|Any CPU.ActiveCfg = Debug|Any CPU
		{B39C40AE-99EA-48CE-9205-13C5E1C522D5}.Debug|Any CPU.Build.0 = Debug|Any CPU
		{B39C40AE-99EA-48CE-9205-13C5E1C522D5}.Release|Any CPU.ActiveCfg = Release|Any CPU
		{B39C40AE-99EA-48CE-9205-13C5E1C522D5}.Release|Any CPU.Build.0 = Release|Any CPU
		{AF532FC3-9C75-46E7-89E0-B9009AF4BC8F}.Debug|Any CPU.ActiveCfg = Debug|Any CPU
		{AF532FC3-9C75-46E7-89E0-B9009AF4BC8F}.Debug|Any CPU.Build.0 = Debug|Any CPU
		{AF532FC3-9C75-46E7-89E0-B9009AF4BC8F}.Release|Any CPU.ActiveCfg = Release|Any CPU
		{AF532FC3-9C75-46E7-89E0-B9009AF4BC8F}.Release|Any CPU.Build.0 = Release|Any CPU
	EndGlobalSection
	GlobalSection(SolutionProperties) = preSolution
		HideSolutionNode = FALSE
	EndGlobalSection
	GlobalSection(ExtensibilityGlobals) = postSolution
		SolutionGuid = {0B2982C5-1E84-4432-8E3D-EA8AFE5CFEB0}
	EndGlobalSection
EndGlobal
